
Microsoft Visual Studio Solution File, Format Version 12.00
# Visual Studio 2015
Project("{FAE04EC0-301F-11D3-BF4B-00C04F79EFBC}") = "Team03.CSharp", "Team03.CSharp.csproj", "{5554F179-B60C-6900-FE55-2F13CC3B0F40}"
EndProject
Global
	GlobalSection(SolutionConfigurationPlatforms) = preSolution
		Debug|Any CPU = Debug|Any CPU
		Release|Any CPU = Release|Any CPU
	EndGlobalSection
	GlobalSection(ProjectConfigurationPlatforms) = postSolution
		{5554F179-B60C-6900-FE55-2F13CC3B0F40}.Debug|Any CPU.ActiveCfg = Debug|Any CPU
		{5554F179-B60C-6900-FE55-2F13CC3B0F40}.Debug|Any CPU.Build.0 = Debug|Any CPU
		{5554F179-B60C-6900-FE55-2F13CC3B0F40}.Release|Any CPU.ActiveCfg = Release|Any CPU
		{5554F179-B60C-6900-FE55-2F13CC3B0F40}.Release|Any CPU.Build.0 = Release|Any CPU
	EndGlobalSection
	GlobalSection(SolutionProperties) = preSolution
		HideSolutionNode = FALSE
	EndGlobalSection
EndGlobal
